
Microsoft Visual Studio Solution File, Format Version 12.00
# Visual Studio Version 17
VisualStudioVersion = 17.6.33513.286
MinimumVisualStudioVersion = 10.0.40219.1
Project("{9A19103F-16F7-4668-BE54-9A1E7A4F7556}") = "BulkyWeb", "BulkyWeb\BulkyWeb.csproj", "{8E1A78E9-3A35-458F-9366-88749E8E6D16}"
EndProject
Project("{9A19103F-16F7-4668-BE54-9A1E7A4F7556}") = "BulkyWebRazor_Temp", "BulkyWebRazor_Temp\BulkyWebRazor_Temp.csproj", "{F55CF849-0057-49F2-B7BF-ADB6A6D8294D}"
EndProject
Global
	GlobalSection(SolutionConfigurationPlatforms) = preSolution
		Debug|Any CPU = Debug|Any CPU
		Release|Any CPU = Release|Any CPU
	EndGlobalSection
	GlobalSection(ProjectConfigurationPlatforms) = postSolution
		{8E1A78E9-3A35-458F-9366-88749E8E6D16}.Debug|Any CPU.ActiveCfg = Debug|Any CPU
		{8E1A78E9-3A35-458F-9366-88749E8E6D16}.Debug|Any CPU.Build.0 = Debug|Any CPU
		{8E1A78E9-3A35-458F-9366-88749E8E6D16}.Release|Any CPU.ActiveCfg = Release|Any CPU
		{8E1A78E9-3A35-458F-9366-88749E8E6D16}.Release|Any CPU.Build.0 = Release|Any CPU
		{F55CF849-0057-49F2-B7BF-ADB6A6D8294D}.Debug|Any CPU.ActiveCfg = Debug|Any CPU
		{F55CF849-0057-49F2-B7BF-ADB6A6D8294D}.Debug|Any CPU.Build.0 = Debug|Any CPU
		{F55CF849-0057-49F2-B7BF-ADB6A6D8294D}.Release|Any CPU.ActiveCfg = Release|Any CPU
		{F55CF849-0057-49F2-B7BF-ADB6A6D8294D}.Release|Any CPU.Build.0 = Release|Any CPU
	EndGlobalSection
	GlobalSection(SolutionProperties) = preSolution
		HideSolutionNode = FALSE
	EndGlobalSection
	GlobalSection(ExtensibilityGlobals) = postSolution
		SolutionGuid = {01E7B9EF-FE37-4285-AFBF-A57CE24FAAE4}
	EndGlobalSection
EndGlobal
