
Microsoft Visual Studio Solution File, Format Version 12.00
# Visual Studio Version 17
VisualStudioVersion = 17.6.33513.286
MinimumVisualStudioVersion = 10.0.40219.1
Project("{9A19103F-16F7-4668-BE54-9A1E7A4F7556}") = "BulkyWeb", "BulkyWeb\BulkyWeb.csproj", "{8E1A78E9-3A35-458F-9366-88749E8E6D16}"
EndProject
Project("{9A19103F-16F7-4668-BE54-9A1E7A4F7556}") = "BulkyWebRazor_Temp", "BulkyWebRazor_Temp\BulkyWebRazor_Temp.csproj", "{F55CF849-0057-49F2-B7BF-ADB6A6D8294D}"
EndProject
Project("{9A19103F-16F7-4668-BE54-9A1E7A4F7556}") = "Bulky.DataAccess", "Bulky.DataAccess\Bulky.DataAccess.csproj", "{58B0ADCF-15C3-4CBD-9061-645B285A583D}"
EndProject
Project("{9A19103F-16F7-4668-BE54-9A1E7A4F7556}") = "Bulky.Models", "Bulky.Models\Bulky.Models.csproj", "{7A69851C-EADA-4BC2-9B92-28C5AC6C81DF}"
EndProject
Project("{9A19103F-16F7-4668-BE54-9A1E7A4F7556}") = "Bulky.Utility", "Bulky.Utility\Bulky.Utility.csproj", "{F5212F00-B603-4CB4-814C-ECABEB4ACCBD}"
EndProject
Project("{2150E333-8FDC-42A3-9474-1A3956D46DE8}") = "Solution Items", "Solution Items", "{AC654DE6-0225-4E61-9752-6B3131B4D855}"
	ProjectSection(SolutionItems) = preProject
		Notes.txt = Notes.txt
	EndProjectSection
EndProject
Global
	GlobalSection(SolutionConfigurationPlatforms) = preSolution
		Debug|Any CPU = Debug|Any CPU
		Release|Any CPU = Release|Any CPU
	EndGlobalSection
	GlobalSection(ProjectConfigurationPlatforms) = postSolution
		{8E1A78E9-3A35-458F-9366-88749E8E6D16}.Debug|Any CPU.ActiveCfg = Debug|Any CPU
		{8E1A78E9-3A35-458F-9366-88749E8E6D16}.Debug|Any CPU.Build.0 = Debug|Any CPU
		{8E1A78E9-3A35-458F-9366-88749E8E6D16}.Release|Any CPU.ActiveCfg = Release|Any CPU
		{8E1A78E9-3A35-458F-9366-88749E8E6D16}.Release|Any CPU.Build.0 = Release|Any CPU
		{F55CF849-0057-49F2-B7BF-ADB6A6D8294D}.Debug|Any CPU.ActiveCfg = Debug|Any CPU
		{F55CF849-0057-49F2-B7BF-ADB6A6D8294D}.Debug|Any CPU.Build.0 = Debug|Any CPU
		{F55CF849-0057-49F2-B7BF-ADB6A6D8294D}.Release|Any CPU.ActiveCfg = Release|Any CPU
		{F55CF849-0057-49F2-B7BF-ADB6A6D8294D}.Release|Any CPU.Build.0 = Release|Any CPU
		{58B0ADCF-15C3-4CBD-9061-645B285A583D}.Debug|Any CPU.ActiveCfg = Debug|Any CPU
		{58B0ADCF-15C3-4CBD-9061-645B285A583D}.Debug|Any CPU.Build.0 = Debug|Any CPU
		{58B0ADCF-15C3-4CBD-9061-645B285A583D}.Release|Any CPU.ActiveCfg = Release|Any CPU
		{58B0ADCF-15C3-4CBD-9061-645B285A583D}.Release|Any CPU.Build.0 = Release|Any CPU
		{7A69851C-EADA-4BC2-9B92-28C5AC6C81DF}.Debug|Any CPU.ActiveCfg = Debug|Any CPU
		{7A69851C-EADA-4BC2-9B92-28C5AC6C81DF}.Debug|Any CPU.Build.0 = Debug|Any CPU
		{7A69851C-EADA-4BC2-9B92-28C5AC6C81DF}.Release|Any CPU.ActiveCfg = Release|Any CPU
		{7A69851C-EADA-4BC2-9B92-28C5AC6C81DF}.Release|Any CPU.Build.0 = Release|Any CPU
		{F5212F00-B603-4CB4-814C-ECABEB4ACCBD}.Debug|Any CPU.ActiveCfg = Debug|Any CPU
		{F5212F00-B603-4CB4-814C-ECABEB4ACCBD}.Debug|Any CPU.Build.0 = Debug|Any CPU
		{F5212F00-B603-4CB4-814C-ECABEB4ACCBD}.Release|Any CPU.ActiveCfg = Release|Any CPU
		{F5212F00-B603-4CB4-814C-ECABEB4ACCBD}.Release|Any CPU.Build.0 = Release|Any CPU
	EndGlobalSection
	GlobalSection(SolutionProperties) = preSolution
		HideSolutionNode = FALSE
	EndGlobalSection
	GlobalSection(ExtensibilityGlobals) = postSolution
		SolutionGuid = {01E7B9EF-FE37-4285-AFBF-A57CE24FAAE4}
	EndGlobalSection
EndGlobal
